
Microsoft Visual Studio Solution File, Format Version 12.00
# Visual Studio 2012
Project("{8BC9CEB8-8B4A-11D0-8D11-00A0C91BC942}") = "Lab1", "Lab1\Lab1.vcxproj", "{04BAC140-4D87-4B4C-9BDE-43D83B5B05DE}"
EndProject
Project("{8BC9CEB8-8B4A-11D0-8D11-00A0C91BC942}") = "Hmwk1", "Hmwk1\Hmwk1.vcxproj", "{A9269B39-29F0-4EB5-8A11-999B32E09EF7}"
EndProject
Project("{8BC9CEB8-8B4A-11D0-8D11-00A0C91BC942}") = "Lab2", "Lab2\Lab2.vcxproj", "{228FCFD4-89A2-4DF9-9923-107FF1288EC5}"
EndProject
Project("{8BC9CEB8-8B4A-11D0-8D11-00A0C91BC942}") = "Examples", "examples\Examples.vcxproj", "{67E83749-F7ED-4616-B1A1-0113BD6EC424}"
EndProject
Project("{8BC9CEB8-8B4A-11D0-8D11-00A0C91BC942}") = "Testing proj", "Testing proj\Testing proj.vcxproj", "{2F18A420-93CC-449C-A894-4FABE2651D62}"
EndProject
Project("{8BC9CEB8-8B4A-11D0-8D11-00A0C91BC942}") = "hmwk2", "hmwk2\hmwk2.vcxproj", "{DA7F4E06-E1D8-4F55-9661-EE91E3B36425}"
EndProject
Project("{8BC9CEB8-8B4A-11D0-8D11-00A0C91BC942}") = "Lab3", "Lab3\Lab3.vcxproj", "{8C4C5FDD-DDA1-4313-9F93-C817693C2977}"
EndProject
Project("{8BC9CEB8-8B4A-11D0-8D11-00A0C91BC942}") = "Lab4", "Lab4\Lab4.vcxproj", "{4AB211EE-DA46-44C3-A976-84408977325F}"
EndProject
Project("{8BC9CEB8-8B4A-11D0-8D11-00A0C91BC942}") = "Hmwk3", "Hmwk3\Hmwk3.vcxproj", "{AB1F4314-4954-4022-874D-20696923E700}"
EndProject
Global
	GlobalSection(SolutionConfigurationPlatforms) = preSolution
		Debug|Any CPU = Debug|Any CPU
		Debug|Mixed Platforms = Debug|Mixed Platforms
		Debug|Win32 = Debug|Win32
		Release|Any CPU = Release|Any CPU
		Release|Mixed Platforms = Release|Mixed Platforms
		Release|Win32 = Release|Win32
	EndGlobalSection
	GlobalSection(ProjectConfigurationPlatforms) = postSolution
		{04BAC140-4D87-4B4C-9BDE-43D83B5B05DE}.Debug|Any CPU.ActiveCfg = Debug|Win32
		{04BAC140-4D87-4B4C-9BDE-43D83B5B05DE}.Debug|Mixed Platforms.ActiveCfg = Debug|Win32
		{04BAC140-4D87-4B4C-9BDE-43D83B5B05DE}.Debug|Mixed Platforms.Build.0 = Debug|Win32
		{04BAC140-4D87-4B4C-9BDE-43D83B5B05DE}.Debug|Win32.ActiveCfg = Debug|Win32
		{04BAC140-4D87-4B4C-9BDE-43D83B5B05DE}.Debug|Win32.Build.0 = Debug|Win32
		{04BAC140-4D87-4B4C-9BDE-43D83B5B05DE}.Release|Any CPU.ActiveCfg = Release|Win32
		{04BAC140-4D87-4B4C-9BDE-43D83B5B05DE}.Release|Mixed Platforms.ActiveCfg = Release|Win32
		{04BAC140-4D87-4B4C-9BDE-43D83B5B05DE}.Release|Mixed Platforms.Build.0 = Release|Win32
		{04BAC140-4D87-4B4C-9BDE-43D83B5B05DE}.Release|Win32.ActiveCfg = Release|Win32
		{04BAC140-4D87-4B4C-9BDE-43D83B5B05DE}.Release|Win32.Build.0 = Release|Win32
		{A9269B39-29F0-4EB5-8A11-999B32E09EF7}.Debug|Any CPU.ActiveCfg = Debug|Win32
		{A9269B39-29F0-4EB5-8A11-999B32E09EF7}.Debug|Mixed Platforms.ActiveCfg = Debug|Win32
		{A9269B39-29F0-4EB5-8A11-999B32E09EF7}.Debug|Mixed Platforms.Build.0 = Debug|Win32
		{A9269B39-29F0-4EB5-8A11-999B32E09EF7}.Debug|Win32.ActiveCfg = Debug|Win32
		{A9269B39-29F0-4EB5-8A11-999B32E09EF7}.Debug|Win32.Build.0 = Debug|Win32
		{A9269B39-29F0-4EB5-8A11-999B32E09EF7}.Release|Any CPU.ActiveCfg = Release|Win32
		{A9269B39-29F0-4EB5-8A11-999B32E09EF7}.Release|Mixed Platforms.ActiveCfg = Release|Win32
		{A9269B39-29F0-4EB5-8A11-999B32E09EF7}.Release|Mixed Platforms.Build.0 = Release|Win32
		{A9269B39-29F0-4EB5-8A11-999B32E09EF7}.Release|Win32.ActiveCfg = Release|Win32
		{A9269B39-29F0-4EB5-8A11-999B32E09EF7}.Release|Win32.Build.0 = Release|Win32
		{228FCFD4-89A2-4DF9-9923-107FF1288EC5}.Debug|Any CPU.ActiveCfg = Debug|Win32
		{228FCFD4-89A2-4DF9-9923-107FF1288EC5}.Debug|Mixed Platforms.ActiveCfg = Debug|Win32
		{228FCFD4-89A2-4DF9-9923-107FF1288EC5}.Debug|Mixed Platforms.Build.0 = Debug|Win32
		{228FCFD4-89A2-4DF9-9923-107FF1288EC5}.Debug|Win32.ActiveCfg = Debug|Win32
		{228FCFD4-89A2-4DF9-9923-107FF1288EC5}.Debug|Win32.Build.0 = Debug|Win32
		{228FCFD4-89A2-4DF9-9923-107FF1288EC5}.Release|Any CPU.ActiveCfg = Release|Win32
		{228FCFD4-89A2-4DF9-9923-107FF1288EC5}.Release|Mixed Platforms.ActiveCfg = Release|Win32
		{228FCFD4-89A2-4DF9-9923-107FF1288EC5}.Release|Mixed Platforms.Build.0 = Release|Win32
		{228FCFD4-89A2-4DF9-9923-107FF1288EC5}.Release|Win32.ActiveCfg = Release|Win32
		{228FCFD4-89A2-4DF9-9923-107FF1288EC5}.Release|Win32.Build.0 = Release|Win32
		{67E83749-F7ED-4616-B1A1-0113BD6EC424}.Debug|Any CPU.ActiveCfg = Debug|Win32
		{67E83749-F7ED-4616-B1A1-0113BD6EC424}.Debug|Mixed Platforms.ActiveCfg = Debug|Win32
		{67E83749-F7ED-4616-B1A1-0113BD6EC424}.Debug|Mixed Platforms.Build.0 = Debug|Win32
		{67E83749-F7ED-4616-B1A1-0113BD6EC424}.Debug|Win32.ActiveCfg = Debug|Win32
		{67E83749-F7ED-4616-B1A1-0113BD6EC424}.Release|Any CPU.ActiveCfg = Release|Win32
		{67E83749-F7ED-4616-B1A1-0113BD6EC424}.Release|Mixed Platforms.ActiveCfg = Release|Win32
		{67E83749-F7ED-4616-B1A1-0113BD6EC424}.Release|Mixed Platforms.Build.0 = Release|Win32
		{67E83749-F7ED-4616-B1A1-0113BD6EC424}.Release|Win32.ActiveCfg = Release|Win32
		{2F18A420-93CC-449C-A894-4FABE2651D62}.Debug|Any CPU.ActiveCfg = Debug|Win32
		{2F18A420-93CC-449C-A894-4FABE2651D62}.Debug|Mixed Platforms.ActiveCfg = Debug|Win32
		{2F18A420-93CC-449C-A894-4FABE2651D62}.Debug|Mixed Platforms.Build.0 = Debug|Win32
		{2F18A420-93CC-449C-A894-4FABE2651D62}.Debug|Win32.ActiveCfg = Debug|Win32
		{2F18A420-93CC-449C-A894-4FABE2651D62}.Debug|Win32.Build.0 = Debug|Win32
		{2F18A420-93CC-449C-A894-4FABE2651D62}.Release|Any CPU.ActiveCfg = Release|Win32
		{2F18A420-93CC-449C-A894-4FABE2651D62}.Release|Mixed Platforms.ActiveCfg = Release|Win32
		{2F18A420-93CC-449C-A894-4FABE2651D62}.Release|Mixed Platforms.Build.0 = Release|Win32
		{2F18A420-93CC-449C-A894-4FABE2651D62}.Release|Win32.ActiveCfg = Release|Win32
		{2F18A420-93CC-449C-A894-4FABE2651D62}.Release|Win32.Build.0 = Release|Win32
		{DA7F4E06-E1D8-4F55-9661-EE91E3B36425}.Debug|Any CPU.ActiveCfg = Debug|Win32
		{DA7F4E06-E1D8-4F55-9661-EE91E3B36425}.Debug|Mixed Platforms.ActiveCfg = Debug|Win32
		{DA7F4E06-E1D8-4F55-9661-EE91E3B36425}.Debug|Mixed Platforms.Build.0 = Debug|Win32
		{DA7F4E06-E1D8-4F55-9661-EE91E3B36425}.Debug|Win32.ActiveCfg = Debug|Win32
		{DA7F4E06-E1D8-4F55-9661-EE91E3B36425}.Debug|Win32.Build.0 = Debug|Win32
		{DA7F4E06-E1D8-4F55-9661-EE91E3B36425}.Release|Any CPU.ActiveCfg = Release|Win32
		{DA7F4E06-E1D8-4F55-9661-EE91E3B36425}.Release|Mixed Platforms.ActiveCfg = Release|Win32
		{DA7F4E06-E1D8-4F55-9661-EE91E3B36425}.Release|Mixed Platforms.Build.0 = Release|Win32
		{DA7F4E06-E1D8-4F55-9661-EE91E3B36425}.Release|Win32.ActiveCfg = Release|Win32
		{DA7F4E06-E1D8-4F55-9661-EE91E3B36425}.Release|Win32.Build.0 = Release|Win32
		{8C4C5FDD-DDA1-4313-9F93-C817693C2977}.Debug|Any CPU.ActiveCfg = Debug|Win32
		{8C4C5FDD-DDA1-4313-9F93-C817693C2977}.Debug|Mixed Platforms.ActiveCfg = Debug|Win32
		{8C4C5FDD-DDA1-4313-9F93-C817693C2977}.Debug|Mixed Platforms.Build.0 = Debug|Win32
		{8C4C5FDD-DDA1-4313-9F93-C817693C2977}.Debug|Win32.ActiveCfg = Debug|Win32
		{8C4C5FDD-DDA1-4313-9F93-C817693C2977}.Debug|Win32.Build.0 = Debug|Win32
		{8C4C5FDD-DDA1-4313-9F93-C817693C2977}.Release|Any CPU.ActiveCfg = Release|Win32
		{8C4C5FDD-DDA1-4313-9F93-C817693C2977}.Release|Mixed Platforms.ActiveCfg = Release|Win32
		{8C4C5FDD-DDA1-4313-9F93-C817693C2977}.Release|Mixed Platforms.Build.0 = Release|Win32
		{8C4C5FDD-DDA1-4313-9F93-C817693C2977}.Release|Win32.ActiveCfg = Release|Win32
		{8C4C5FDD-DDA1-4313-9F93-C817693C2977}.Release|Win32.Build.0 = Release|Win32
		{4AB211EE-DA46-44C3-A976-84408977325F}.Debug|Any CPU.ActiveCfg = Debug|Win32
		{4AB211EE-DA46-44C3-A976-84408977325F}.Debug|Mixed Platforms.ActiveCfg = Debug|Win32
		{4AB211EE-DA46-44C3-A976-84408977325F}.Debug|Mixed Platforms.Build.0 = Debug|Win32
		{4AB211EE-DA46-44C3-A976-84408977325F}.Debug|Win32.ActiveCfg = Debug|Win32
		{4AB211EE-DA46-44C3-A976-84408977325F}.Debug|Win32.Build.0 = Debug|Win32
		{4AB211EE-DA46-44C3-A976-84408977325F}.Release|Any CPU.ActiveCfg = Release|Win32
		{4AB211EE-DA46-44C3-A976-84408977325F}.Release|Mixed Platforms.ActiveCfg = Release|Win32
		{4AB211EE-DA46-44C3-A976-84408977325F}.Release|Mixed Platforms.Build.0 = Release|Win32
		{4AB211EE-DA46-44C3-A976-84408977325F}.Release|Win32.ActiveCfg = Release|Win32
		{4AB211EE-DA46-44C3-A976-84408977325F}.Release|Win32.Build.0 = Release|Win32
		{AB1F4314-4954-4022-874D-20696923E700}.Debug|Any CPU.ActiveCfg = Debug|Win32
		{AB1F4314-4954-4022-874D-20696923E700}.Debug|Mixed Platforms.ActiveCfg = Debug|Win32
		{AB1F4314-4954-4022-874D-20696923E700}.Debug|Mixed Platforms.Build.0 = Debug|Win32
		{AB1F4314-4954-4022-874D-20696923E700}.Debug|Win32.ActiveCfg = Debug|Win32
		{AB1F4314-4954-4022-874D-20696923E700}.Debug|Win32.Build.0 = Debug|Win32
		{AB1F4314-4954-4022-874D-20696923E700}.Release|Any CPU.ActiveCfg = Release|Win32
		{AB1F4314-4954-4022-874D-20696923E700}.Release|Mixed Platforms.ActiveCfg = Release|Win32
		{AB1F4314-4954-4022-874D-20696923E700}.Release|Mixed Platforms.Build.0 = Release|Win32
		{AB1F4314-4954-4022-874D-20696923E700}.Release|Win32.ActiveCfg = Release|Win32
		{AB1F4314-4954-4022-874D-20696923E700}.Release|Win32.Build.0 = Release|Win32
	EndGlobalSection
	GlobalSection(SolutionProperties) = preSolution
		HideSolutionNode = FALSE
	EndGlobalSection
EndGlobal
